Microsoft Visual Studio Solution File, Format Version 12.00
# Visual Studio 15
VisualStudioVersion = 15.0.28307.757
MinimumVisualStudioVersion = 10.0.40219.1
Project("{9A19103F-16F7-4668-BE54-9A1E7A4F7556}") = "Tailspin.SpaceGame.Web", "Tailspin.SpaceGame.Web\Tailspin.SpaceGame.Web.csproj", "{A0C4E31E-AC75-4F39-9F59-0AA19D9B8F46}"
EndProject
Project("{FAE04EC0-301F-11D3-BF4B-00C04F79EFBC}") = "Tailspin.SpaceGame.Tests", "Tailspin.SpaceGame.Tests\Tailspin.SpaceGame.Tests.csproj", "{5A8C34EA-D14E-4F28-A9D5-8AD923A30304}"
EndProject
Global
	GlobalSection(SolutionConfigurationPlatforms) = preSolution
		Debug|Any CPU = Debug|Any CPU
		Release|Any CPU = Release|Any CPU
	EndGlobalSection
	GlobalSection(ProjectConfigurationPlatforms) = postSolution
		{A0C4E31E-AC75-4F39-9F59-0AA19D9B8F46}.Debug|Any CPU.ActiveCfg = Debug|Any CPU
		{A0C4E31E-AC75-4F39-9F59-0AA19D9B8F46}.Debug|Any CPU.Build.0 = Debug|Any CPU
		{A0C4E31E-AC75-4F39-9F59-0AA19D9B8F46}.Release|Any CPU.ActiveCfg = Release|Any CPU
		{A0C4E31E-AC75-4F39-9F59-0AA19D9B8F46}.Release|Any CPU.Build.0 = Release|Any CPU
		{5A8C34EA-D14E-4F28-A9D5-8AD923A30304}.Debug|Any CPU.ActiveCfg = Debug|Any CPU
		{5A8C34EA-D14E-4F28-A9D5-8AD923A30304}.Debug|Any CPU.Build.0 = Debug|Any CPU
		{5A8C34EA-D14E-4F28-A9D5-8AD923A30304}.Release|Any CPU.ActiveCfg = Release|Any CPU
		{5A8C34EA-D14E-4F28-A9D5-8AD923A30304}.Release|Any CPU.Build.0 = Release|Any CPU
	EndGlobalSection
	GlobalSection(SolutionProperties) = preSolution
		HideSolutionNode = FALSE
	EndGlobalSection
	GlobalSection(ExtensibilityGlobals) = postSolution
		SolutionGuid = {06652608-410A-421E-9F4D-C4A9EB769F3F}
	EndGlobalSection
EndGlobal
