
Microsoft Visual Studio Solution File, Format Version 12.00
# Visual Studio Version 17
VisualStudioVersion = 17.5.002.0
MinimumVisualStudioVersion = 10.0.40219.1
Project("{9A19103F-16F7-4668-BE54-9A1E7A4F7556}") = "Tailspin.SpaceGame.Web", "Tailspin.SpaceGame.Web.csproj", "{A425F057-989A-4E7A-9519-6A94C372E4B8}"
EndProject
Global
	GlobalSection(SolutionConfigurationPlatforms) = preSolution
		Debug|Any CPU = Debug|Any CPU
		Release|Any CPU = Release|Any CPU
	EndGlobalSection
	GlobalSection(ProjectConfigurationPlatforms) = postSolution
		{A425F057-989A-4E7A-9519-6A94C372E4B8}.Debug|Any CPU.ActiveCfg = Debug|Any CPU
		{A425F057-989A-4E7A-9519-6A94C372E4B8}.Debug|Any CPU.Build.0 = Debug|Any CPU
		{A425F057-989A-4E7A-9519-6A94C372E4B8}.Release|Any CPU.ActiveCfg = Release|Any CPU
		{A425F057-989A-4E7A-9519-6A94C372E4B8}.Release|Any CPU.Build.0 = Release|Any CPU
	EndGlobalSection
	GlobalSection(SolutionProperties) = preSolution
		HideSolutionNode = FALSE
	EndGlobalSection
	GlobalSection(ExtensibilityGlobals) = postSolution
		SolutionGuid = {CA34BD7F-C968-41F3-9D4C-70B7A209A2EC}
	EndGlobalSection
EndGlobal
